{
  "version": 4,
  "terraform_version": "1.12.1",
  "serial": 52,
  "lineage": "847b73c3-2cfc-357f-1c0c-d078f55e3cc2",
  "outputs": {},
  "resources": [
    {
      "mode": "managed",
      "type": "aws_ecr_repository",
      "name": "rocketseat-ci-api",
      "provider": "provider[\"registry.terraform.io/hashicorp/aws\"]",
      "instances": [
        {
          "schema_version": 0,
          "attributes": {
            "arn": "arn:aws:ecr:us-east-1:231224359494:repository/rocketseat-ci",
            "encryption_configuration": [
              {
                "encryption_type": "AES256",
                "kms_key": ""
              }
            ],
            "force_delete": null,
            "id": "rocketseat-ci",
            "image_scanning_configuration": [
              {
                "scan_on_push": true
              }
            ],
            "image_tag_mutability": "MUTABLE",
            "name": "rocketseat-ci",
            "registry_id": "231224359494",
            "repository_url": "231224359494.dkr.ecr.us-east-1.amazonaws.com/rocketseat-ci",
            "tags": {
              "IAC": "true"
            },
            "tags_all": {
              "IAC": "true"
            },
            "timeouts": null
          },
          "sensitive_attributes": [],
          "identity_schema_version": 0,
          "private": "eyJlMmJmYjczMC1lY2FhLTExZTYtOGY4OC0zNDM2M2JjN2M0YzAiOnsiZGVsZXRlIjoxMjAwMDAwMDAwMDAwfX0="
        }
      ]
    },
    {
      "mode": "managed",
      "type": "aws_iam_role",
      "name": "github_app_runner_role",
      "provider": "provider[\"registry.terraform.io/hashicorp/aws\"]",
      "instances": [
        {
          "schema_version": 0,
          "attributes": {
            "arn": "arn:aws:iam::231224359494:role/github-app-runner-role",
            "assume_role_policy": "{\"Statement\":[{\"Action\":\"sts:AssumeRoleWithWebIdentity\",\"Condition\":{\"StringEquals\":{\"token.actions.githubusercontent.com:aud\":\"sts.amazonaws.com\",\"token.actions.githubusercontent.com:sub\":\"repo:Francisco1825/rocketseat.ci.api:ref:refs/heads/main\"}},\"Effect\":\"Allow\",\"Principal\":{\"Federated\":\"arn:aws:iam::231224359494:oidc-provider/token.actions.githubusercontent.com\"}}],\"Version\":\"2012-10-17\"}",
            "create_date": "2025-06-19T18:14:42Z",
            "description": "",
            "force_detach_policies": false,
            "id": "github-app-runner-role",
            "inline_policy": [
              {
                "name": "full-permissions-for-ecr-and-apprunner",
                "policy": "{\"Version\":\"2012-10-17\",\"Statement\":[{\"Action\":[\"apprunner:*\"],\"Effect\":\"Allow\",\"Resource\":\"*\",\"Sid\":\"AppRunnerPermissions\"},{\"Action\":[\"ecr:GetDownloadUrlForLayer\",\"ecr:BatchGetImage\",\"ecr:BatchCheckLayerAvailability\",\"ecr:PutImage\",\"ecr:InitiateLayerUpload\",\"ecr:UploadLayerPart\",\"ecr:CompleteLayerUpload\",\"ecr:GetAuthorizationToken\"],\"Effect\":\"Allow\",\"Resource\":\"*\",\"Sid\":\"ECRPermissions\"},{\"Action\":\"iam:PassRole\",\"Effect\":\"Allow\",\"Resource\":\"arn:aws:iam::231224359494:role/github-app-runner-role\",\"Sid\":\"IAMPassRole\"},{\"Action\":\"iam:CreateServiceLinkedRole\",\"Effect\":\"Allow\",\"Resource\":\"*\",\"Sid\":\"IAMCreateServiceLinkedRole\"}]}"
              }
            ],
            "managed_policy_arns": [],
            "max_session_duration": 3600,
            "name": "github-app-runner-role",
            "name_prefix": "",
            "path": "/",
            "permissions_boundary": "",
            "tags": {
              "IAC": "True"
            },
            "tags_all": {
              "IAC": "True"
            },
            "unique_id": "AROATLVQLXJDHC3Z4TQFX"
          },
          "sensitive_attributes": [],
          "identity_schema_version": 0,
          "private": "bnVsbA=="
        }
      ]
    }
  ],
  "check_results": null
}
