{
  "version": 4,
  "terraform_version": "1.12.1",
  "serial": 61,
  "lineage": "847b73c3-2cfc-357f-1c0c-d078f55e3cc2",
  "outputs": {},
  "resources": [
    {
      "mode": "managed",
      "type": "aws_ecr_repository",
      "name": "rocketseat-ci-api",
      "provider": "provider[\"registry.terraform.io/hashicorp/aws\"]",
      "instances": [
        {
          "schema_version": 0,
          "attributes": {
            "arn": "arn:aws:ecr:us-east-1:231224359494:repository/rocketseat-ci",
            "encryption_configuration": [
              {
                "encryption_type": "AES256",
                "kms_key": ""
              }
            ],
            "force_delete": null,
            "id": "rocketseat-ci",
            "image_scanning_configuration": [
              {
                "scan_on_push": true
              }
            ],
            "image_tag_mutability": "MUTABLE",
            "name": "rocketseat-ci",
            "registry_id": "231224359494",
            "repository_url": "231224359494.dkr.ecr.us-east-1.amazonaws.com/rocketseat-ci",
            "tags": {
              "IAC": "true"
            },
            "tags_all": {
              "IAC": "true"
            },
            "timeouts": null
          },
          "sensitive_attributes": [],
          "identity_schema_version": 0,
          "private": "eyJlMmJmYjczMC1lY2FhLTExZTYtOGY4OC0zNDM2M2JjN2M0YzAiOnsiZGVsZXRlIjoxMjAwMDAwMDAwMDAwfX0="
        }
      ]
    },
    {
      "mode": "managed",
      "type": "aws_iam_policy",
      "name": "app_runner_ecr_policy",
      "provider": "provider[\"registry.terraform.io/hashicorp/aws\"]",
      "instances": [
        {
          "schema_version": 0,
          "attributes": {
            "arn": "arn:aws:iam::231224359494:policy/AppRunnerECRAccessPolicy",
            "attachment_count": 0,
            "description": "Policy for App Runner to access ECR",
            "id": "arn:aws:iam::231224359494:policy/AppRunnerECRAccessPolicy",
            "name": "AppRunnerECRAccessPolicy",
            "name_prefix": "",
            "path": "/",
            "policy": "{\"Statement\":[{\"Action\":[\"ecr:GetAuthorizationToken\",\"ecr:BatchCheckLayerAvailability\",\"ecr:GetDownloadUrlForLayer\",\"ecr:BatchGetImage\"],\"Effect\":\"Allow\",\"Resource\":\"*\"}],\"Version\":\"2012-10-17\"}",
            "policy_id": "ANPATLVQLXJDJNNXFRTPW",
            "tags": null,
            "tags_all": {}
          },
          "sensitive_attributes": [],
          "identity_schema_version": 0,
          "private": "bnVsbA=="
        }
      ]
    },
    {
      "mode": "managed",
      "type": "aws_iam_role",
      "name": "app_runner_service_role",
      "provider": "provider[\"registry.terraform.io/hashicorp/aws\"]",
      "instances": [
        {
          "schema_version": 0,
          "attributes": {
            "arn": "arn:aws:iam::231224359494:role/app-runner-service-role",
            "assume_role_policy": "{\"Statement\":[{\"Action\":\"sts:AssumeRole\",\"Effect\":\"Allow\",\"Principal\":{\"Service\":\"apprunner.amazonaws.com\"}}],\"Version\":\"2012-10-17\"}",
            "create_date": "2025-06-19T22:19:28Z",
            "description": "",
            "force_detach_policies": false,
            "id": "app-runner-service-role",
            "inline_policy": [],
            "managed_policy_arns": [],
            "max_session_duration": 3600,
            "name": "app-runner-service-role",
            "name_prefix": "",
            "path": "/",
            "permissions_boundary": "",
            "tags": null,
            "tags_all": {},
            "unique_id": "AROATLVQLXJDIPJZUXP6L"
          },
          "sensitive_attributes": [],
          "identity_schema_version": 0,
          "private": "bnVsbA=="
        }
      ]
    },
    {
      "mode": "managed",
      "type": "aws_iam_role_policy_attachment",
      "name": "app_runner_ecr_attach",
      "provider": "provider[\"registry.terraform.io/hashicorp/aws\"]",
      "instances": [
        {
          "schema_version": 0,
          "attributes": {
            "id": "app-runner-service-role-20250619221928128200000001",
            "policy_arn": "arn:aws:iam::231224359494:policy/AppRunnerECRAccessPolicy",
            "role": "app-runner-service-role"
          },
          "sensitive_attributes": [],
          "identity_schema_version": 0,
          "private": "bnVsbA==",
          "dependencies": [
            "aws_iam_policy.app_runner_ecr_policy",
            "aws_iam_role.app_runner_service_role"
          ]
        }
      ]
    }
  ],
  "check_results": null
}
