{
  "version": 4,
  "terraform_version": "1.12.1",
  "serial": 1,
  "lineage": "847b73c3-2cfc-357f-1c0c-d078f55e3cc2",
  "outputs": {},
  "resources": [
    {
      "mode": "managed",
      "type": "aws_iam_openid_connect_provider",
      "name": "oidc-git",
      "provider": "provider[\"registry.terraform.io/hashicorp/aws\"]",
      "instances": [
        {
          "schema_version": 0,
          "attributes": {
            "arn": "arn:aws:iam::103240369376:oidc-provider/token.actions.githubusercontent.com",
            "client_id_list": [
              "sts.amazonaws.com"
            ],
            "id": "arn:aws:iam::103240369376:oidc-provider/token.actions.githubusercontent.com",
            "tags": {
              "IAC": "true"
            },
            "tags_all": {
              "IAC": "true"
            },
            "thumbprint_list": [
              "d89e3bd43d5d909b47a18977aa9d5ce36cee184c"
            ],
            "url": "token.actions.githubusercontent.com"
          },
          "sensitive_attributes": [],
          "identity_schema_version": 0,
          "private": "bnVsbA=="
        }
      ]
    }
  ],
  "check_results": null
}
